
Microsoft Visual Studio Solution File, Format Version 12.00
# Visual Studio Version 17
VisualStudioVersion = 17.0.31903.59
MinimumVisualStudioVersion = 10.0.40219.1
Project("{2150E333-8FDC-42A3-9474-1A3956D46DE8}") = "src", "src", "{827E0CD3-B72D-47B6-A68D-7590B98EB39B}"
EndProject
Project("{FAE04EC0-301F-11D3-BF4B-00C04F79EFBC}") = "UmkaSharp", "src\UmkaSharp\UmkaSharp.csproj", "{93749DAE-FB3B-41EE-8D1D-CCDEFAEE049F}"
EndProject
Project("{FAE04EC0-301F-11D3-BF4B-00C04F79EFBC}") = "UmkaSharp.Tests", "tests\UmkaSharp.Tests\UmkaSharp.Tests.csproj", "{38705666-D3DF-4529-ABF2-3DE077E5FF71}"
EndProject
Project("{FAE04EC0-301F-11D3-BF4B-00C04F79EFBC}") = "Smoke", "samples\Smoke\Smoke.csproj", "{FBEB8458-E4C6-434E-8848-AAA115961470}"
EndProject
Project("{2150E333-8FDC-42A3-9474-1A3956D46DE8}") = "benchmarks", "benchmarks", "{66320409-64EC-F7C5-3DEF-65E7510DAAD1}"
EndProject
Project("{FAE04EC0-301F-11D3-BF4B-00C04F79EFBC}") = "UmkaSharp.Benchmarks", "benchmarks\UmkaSharp.Benchmarks\UmkaSharp.Benchmarks.csproj", "{0619BEA3-B7E1-47A2-BAC0-E2EF674840FB}"
EndProject
Project("{2150E333-8FDC-42A3-9474-1A3956D46DE8}") = "samples", "samples", "{5D20AA90-6969-D8BD-9DCD-8634F4692FDA}"
EndProject
Project("{FAE04EC0-301F-11D3-BF4B-00C04F79EFBC}") = "Calculator", "samples\Calculator\Calculator.csproj", "{0C37A262-4DA4-433A-8EE9-C26FF3731D6D}"
EndProject
Project("{FAE04EC0-301F-11D3-BF4B-00C04F79EFBC}") = "HostCallbacks", "samples\HostCallbacks\HostCallbacks.csproj", "{D19D2BA3-C7C3-4B7C-A634-0730A6A9DB68}"
EndProject
Project("{FAE04EC0-301F-11D3-BF4B-00C04F79EFBC}") = "Modules", "samples\Modules\Modules.csproj", "{734671D4-4F18-42B9-8A1D-A0EE9CABB1CD}"
EndProject
Project("{FAE04EC0-301F-11D3-BF4B-00C04F79EFBC}") = "StructuredData", "samples\StructuredData\StructuredData.csproj", "{B30E2963-B161-427F-BBE9-5292D65D09DE}"
EndProject
Global
	GlobalSection(SolutionConfigurationPlatforms) = preSolution
		Debug|Any CPU = Debug|Any CPU
		Debug|x64 = Debug|x64
		Debug|x86 = Debug|x86
		Release|Any CPU = Release|Any CPU
		Release|x64 = Release|x64
		Release|x86 = Release|x86
	EndGlobalSection
	GlobalSection(ProjectConfigurationPlatforms) = postSolution
		{93749DAE-FB3B-41EE-8D1D-CCDEFAEE049F}.Debug|Any CPU.ActiveCfg = Debug|Any CPU
		{93749DAE-FB3B-41EE-8D1D-CCDEFAEE049F}.Debug|Any CPU.Build.0 = Debug|Any CPU
		{93749DAE-FB3B-41EE-8D1D-CCDEFAEE049F}.Debug|x64.ActiveCfg = Debug|Any CPU
		{93749DAE-FB3B-41EE-8D1D-CCDEFAEE049F}.Debug|x64.Build.0 = Debug|Any CPU
		{93749DAE-FB3B-41EE-8D1D-CCDEFAEE049F}.Debug|x86.ActiveCfg = Debug|Any CPU
		{93749DAE-FB3B-41EE-8D1D-CCDEFAEE049F}.Debug|x86.Build.0 = Debug|Any CPU
		{93749DAE-FB3B-41EE-8D1D-CCDEFAEE049F}.Release|Any CPU.ActiveCfg = Release|Any CPU
		{93749DAE-FB3B-41EE-8D1D-CCDEFAEE049F}.Release|Any CPU.Build.0 = Release|Any CPU
		{93749DAE-FB3B-41EE-8D1D-CCDEFAEE049F}.Release|x64.ActiveCfg = Release|Any CPU
		{93749DAE-FB3B-41EE-8D1D-CCDEFAEE049F}.Release|x64.Build.0 = Release|Any CPU
		{93749DAE-FB3B-41EE-8D1D-CCDEFAEE049F}.Release|x86.ActiveCfg = Release|Any CPU
		{93749DAE-FB3B-41EE-8D1D-CCDEFAEE049F}.Release|x86.Build.0 = Release|Any CPU
		{38705666-D3DF-4529-ABF2-3DE077E5FF71}.Debug|Any CPU.ActiveCfg = Debug|Any CPU
		{38705666-D3DF-4529-ABF2-3DE077E5FF71}.Debug|Any CPU.Build.0 = Debug|Any CPU
		{38705666-D3DF-4529-ABF2-3DE077E5FF71}.Debug|x64.ActiveCfg = Debug|Any CPU
		{38705666-D3DF-4529-ABF2-3DE077E5FF71}.Debug|x64.Build.0 = Debug|Any CPU
		{38705666-D3DF-4529-ABF2-3DE077E5FF71}.Debug|x86.ActiveCfg = Debug|Any CPU
		{38705666-D3DF-4529-ABF2-3DE077E5FF71}.Debug|x86.Build.0 = Debug|Any CPU
		{38705666-D3DF-4529-ABF2-3DE077E5FF71}.Release|Any CPU.ActiveCfg = Release|Any CPU
		{38705666-D3DF-4529-ABF2-3DE077E5FF71}.Release|Any CPU.Build.0 = Release|Any CPU
		{38705666-D3DF-4529-ABF2-3DE077E5FF71}.Release|x64.ActiveCfg = Release|Any CPU
		{38705666-D3DF-4529-ABF2-3DE077E5FF71}.Release|x64.Build.0 = Release|Any CPU
		{38705666-D3DF-4529-ABF2-3DE077E5FF71}.Release|x86.ActiveCfg = Release|Any CPU
		{38705666-D3DF-4529-ABF2-3DE077E5FF71}.Release|x86.Build.0 = Release|Any CPU
		{FBEB8458-E4C6-434E-8848-AAA115961470}.Debug|Any CPU.ActiveCfg = Debug|Any CPU
		{FBEB8458-E4C6-434E-8848-AAA115961470}.Debug|Any CPU.Build.0 = Debug|Any CPU
		{FBEB8458-E4C6-434E-8848-AAA115961470}.Debug|x64.ActiveCfg = Debug|Any CPU
		{FBEB8458-E4C6-434E-8848-AAA115961470}.Debug|x64.Build.0 = Debug|Any CPU
		{FBEB8458-E4C6-434E-8848-AAA115961470}.Debug|x86.ActiveCfg = Debug|Any CPU
		{FBEB8458-E4C6-434E-8848-AAA115961470}.Debug|x86.Build.0 = Debug|Any CPU
		{FBEB8458-E4C6-434E-8848-AAA115961470}.Release|Any CPU.ActiveCfg = Release|Any CPU
		{FBEB8458-E4C6-434E-8848-AAA115961470}.Release|Any CPU.Build.0 = Release|Any CPU
		{FBEB8458-E4C6-434E-8848-AAA115961470}.Release|x64.ActiveCfg = Release|Any CPU
		{FBEB8458-E4C6-434E-8848-AAA115961470}.Release|x64.Build.0 = Release|Any CPU
		{FBEB8458-E4C6-434E-8848-AAA115961470}.Release|x86.ActiveCfg = Release|Any CPU
		{FBEB8458-E4C6-434E-8848-AAA115961470}.Release|x86.Build.0 = Release|Any CPU
		{0619BEA3-B7E1-47A2-BAC0-E2EF674840FB}.Debug|Any CPU.ActiveCfg = Debug|Any CPU
		{0619BEA3-B7E1-47A2-BAC0-E2EF674840FB}.Debug|Any CPU.Build.0 = Debug|Any CPU
		{0619BEA3-B7E1-47A2-BAC0-E2EF674840FB}.Debug|x64.ActiveCfg = Debug|Any CPU
		{0619BEA3-B7E1-47A2-BAC0-E2EF674840FB}.Debug|x64.Build.0 = Debug|Any CPU
		{0619BEA3-B7E1-47A2-BAC0-E2EF674840FB}.Debug|x86.ActiveCfg = Debug|Any CPU
		{0619BEA3-B7E1-47A2-BAC0-E2EF674840FB}.Debug|x86.Build.0 = Debug|Any CPU
		{0619BEA3-B7E1-47A2-BAC0-E2EF674840FB}.Release|Any CPU.ActiveCfg = Release|Any CPU
		{0619BEA3-B7E1-47A2-BAC0-E2EF674840FB}.Release|Any CPU.Build.0 = Release|Any CPU
		{0619BEA3-B7E1-47A2-BAC0-E2EF674840FB}.Release|x64.ActiveCfg = Release|Any CPU
		{0619BEA3-B7E1-47A2-BAC0-E2EF674840FB}.Release|x64.Build.0 = Release|Any CPU
		{0619BEA3-B7E1-47A2-BAC0-E2EF674840FB}.Release|x86.ActiveCfg = Release|Any CPU
		{0619BEA3-B7E1-47A2-BAC0-E2EF674840FB}.Release|x86.Build.0 = Release|Any CPU
		{0C37A262-4DA4-433A-8EE9-C26FF3731D6D}.Debug|Any CPU.ActiveCfg = Debug|Any CPU
		{0C37A262-4DA4-433A-8EE9-C26FF3731D6D}.Debug|Any CPU.Build.0 = Debug|Any CPU
		{0C37A262-4DA4-433A-8EE9-C26FF3731D6D}.Debug|x64.ActiveCfg = Debug|Any CPU
		{0C37A262-4DA4-433A-8EE9-C26FF3731D6D}.Debug|x64.Build.0 = Debug|Any CPU
		{0C37A262-4DA4-433A-8EE9-C26FF3731D6D}.Debug|x86.ActiveCfg = Debug|Any CPU
		{0C37A262-4DA4-433A-8EE9-C26FF3731D6D}.Debug|x86.Build.0 = Debug|Any CPU
		{0C37A262-4DA4-433A-8EE9-C26FF3731D6D}.Release|Any CPU.ActiveCfg = Release|Any CPU
		{0C37A262-4DA4-433A-8EE9-C26FF3731D6D}.Release|Any CPU.Build.0 = Release|Any CPU
		{0C37A262-4DA4-433A-8EE9-C26FF3731D6D}.Release|x64.ActiveCfg = Release|Any CPU
		{0C37A262-4DA4-433A-8EE9-C26FF3731D6D}.Release|x64.Build.0 = Release|Any CPU
		{0C37A262-4DA4-433A-8EE9-C26FF3731D6D}.Release|x86.ActiveCfg = Release|Any CPU
		{0C37A262-4DA4-433A-8EE9-C26FF3731D6D}.Release|x86.Build.0 = Release|Any CPU
		{D19D2BA3-C7C3-4B7C-A634-0730A6A9DB68}.Debug|Any CPU.ActiveCfg = Debug|Any CPU
		{D19D2BA3-C7C3-4B7C-A634-0730A6A9DB68}.Debug|Any CPU.Build.0 = Debug|Any CPU
		{D19D2BA3-C7C3-4B7C-A634-0730A6A9DB68}.Debug|x64.ActiveCfg = Debug|Any CPU
		{D19D2BA3-C7C3-4B7C-A634-0730A6A9DB68}.Debug|x64.Build.0 = Debug|Any CPU
		{D19D2BA3-C7C3-4B7C-A634-0730A6A9DB68}.Debug|x86.ActiveCfg = Debug|Any CPU
		{D19D2BA3-C7C3-4B7C-A634-0730A6A9DB68}.Debug|x86.Build.0 = Debug|Any CPU
		{D19D2BA3-C7C3-4B7C-A634-0730A6A9DB68}.Release|Any CPU.ActiveCfg = Release|Any CPU
		{D19D2BA3-C7C3-4B7C-A634-0730A6A9DB68}.Release|Any CPU.Build.0 = Release|Any CPU
		{D19D2BA3-C7C3-4B7C-A634-0730A6A9DB68}.Release|x64.ActiveCfg = Release|Any CPU
		{D19D2BA3-C7C3-4B7C-A634-0730A6A9DB68}.Release|x64.Build.0 = Release|Any CPU
		{D19D2BA3-C7C3-4B7C-A634-0730A6A9DB68}.Release|x86.ActiveCfg = Release|Any CPU
		{D19D2BA3-C7C3-4B7C-A634-0730A6A9DB68}.Release|x86.Build.0 = Release|Any CPU
		{734671D4-4F18-42B9-8A1D-A0EE9CABB1CD}.Debug|Any CPU.ActiveCfg = Debug|Any CPU
		{734671D4-4F18-42B9-8A1D-A0EE9CABB1CD}.Debug|Any CPU.Build.0 = Debug|Any CPU
		{734671D4-4F18-42B9-8A1D-A0EE9CABB1CD}.Debug|x64.ActiveCfg = Debug|Any CPU
		{734671D4-4F18-42B9-8A1D-A0EE9CABB1CD}.Debug|x64.Build.0 = Debug|Any CPU
		{734671D4-4F18-42B9-8A1D-A0EE9CABB1CD}.Debug|x86.ActiveCfg = Debug|Any CPU
		{734671D4-4F18-42B9-8A1D-A0EE9CABB1CD}.Debug|x86.Build.0 = Debug|Any CPU
		{734671D4-4F18-42B9-8A1D-A0EE9CABB1CD}.Release|Any CPU.ActiveCfg = Release|Any CPU
		{734671D4-4F18-42B9-8A1D-A0EE9CABB1CD}.Release|Any CPU.Build.0 = Release|Any CPU
		{734671D4-4F18-42B9-8A1D-A0EE9CABB1CD}.Release|x64.ActiveCfg = Release|Any CPU
		{734671D4-4F18-42B9-8A1D-A0EE9CABB1CD}.Release|x64.Build.0 = Release|Any CPU
		{734671D4-4F18-42B9-8A1D-A0EE9CABB1CD}.Release|x86.ActiveCfg = Release|Any CPU
		{734671D4-4F18-42B9-8A1D-A0EE9CABB1CD}.Release|x86.Build.0 = Release|Any CPU
		{B30E2963-B161-427F-BBE9-5292D65D09DE}.Debug|Any CPU.ActiveCfg = Debug|Any CPU
		{B30E2963-B161-427F-BBE9-5292D65D09DE}.Debug|Any CPU.Build.0 = Debug|Any CPU
		{B30E2963-B161-427F-BBE9-5292D65D09DE}.Debug|x64.ActiveCfg = Debug|Any CPU
		{B30E2963-B161-427F-BBE9-5292D65D09DE}.Debug|x64.Build.0 = Debug|Any CPU
		{B30E2963-B161-427F-BBE9-5292D65D09DE}.Debug|x86.ActiveCfg = Debug|Any CPU
		{B30E2963-B161-427F-BBE9-5292D65D09DE}.Debug|x86.Build.0 = Debug|Any CPU
		{B30E2963-B161-427F-BBE9-5292D65D09DE}.Release|Any CPU.ActiveCfg = Release|Any CPU
		{B30E2963-B161-427F-BBE9-5292D65D09DE}.Release|Any CPU.Build.0 = Release|Any CPU
		{B30E2963-B161-427F-BBE9-5292D65D09DE}.Release|x64.ActiveCfg = Release|Any CPU
		{B30E2963-B161-427F-BBE9-5292D65D09DE}.Release|x64.Build.0 = Release|Any CPU
		{B30E2963-B161-427F-BBE9-5292D65D09DE}.Release|x86.ActiveCfg = Release|Any CPU
		{B30E2963-B161-427F-BBE9-5292D65D09DE}.Release|x86.Build.0 = Release|Any CPU
	EndGlobalSection
	GlobalSection(SolutionProperties) = preSolution
		HideSolutionNode = FALSE
	EndGlobalSection
	GlobalSection(NestedProjects) = preSolution
		{93749DAE-FB3B-41EE-8D1D-CCDEFAEE049F} = {827E0CD3-B72D-47B6-A68D-7590B98EB39B}
		{38705666-D3DF-4529-ABF2-3DE077E5FF71} = {827E0CD3-B72D-47B6-A68D-7590B98EB39B}
		{FBEB8458-E4C6-434E-8848-AAA115961470} = {827E0CD3-B72D-47B6-A68D-7590B98EB39B}
		{0619BEA3-B7E1-47A2-BAC0-E2EF674840FB} = {66320409-64EC-F7C5-3DEF-65E7510DAAD1}
		{0C37A262-4DA4-433A-8EE9-C26FF3731D6D} = {5D20AA90-6969-D8BD-9DCD-8634F4692FDA}
		{D19D2BA3-C7C3-4B7C-A634-0730A6A9DB68} = {5D20AA90-6969-D8BD-9DCD-8634F4692FDA}
		{734671D4-4F18-42B9-8A1D-A0EE9CABB1CD} = {5D20AA90-6969-D8BD-9DCD-8634F4692FDA}
		{B30E2963-B161-427F-BBE9-5292D65D09DE} = {5D20AA90-6969-D8BD-9DCD-8634F4692FDA}
	EndGlobalSection
EndGlobal
